{
  "requires": true,
  "lockfileVersion": 1,
  "dependencies": {
    "express-art-template": {
      "version": "1.0.1",
      "resolved": "https://registry.npmjs.org/express-art-template/-/express-art-template-1.0.1.tgz",
      "integrity": "sha512-uHzOOO2uNHelEI520KBvGw0c7Lu4opa7iczkYgHe5AcN1MYEh1ovmis7BMwjyRiJIv2Zt3ovTMko5FiDb/ydWg=="
    }
  }
}
